<?xml version="1.0" encoding="utf-8"?>
<Project ToolsVersion="4.0" xmlns="http://schemas.microsoft.com/developer/msbuild/2003">
  <ItemGroup>
    <Filter Include="Source Files">
      <UniqueIdentifier>{4FC737F1-C7A5-4376-A066-2A32D752A2FF}</UniqueIdentifier>
      <Extensions>cpp;c;cc;cxx;c++;cppm;ixx;def;odl;idl;hpj;bat;asm;asmx</Extensions>
    </Filter>
    <Filter Include="Header Files">
      <UniqueIdentifier>{93995380-89BD-4b04-88EB-625FBE52EBFB}</UniqueIdentifier>
      <Extensions>h;hh;hpp;hxx;h++;hm;inl;inc;ipp;xsd</Extensions>
    </Filter>
    <Filter Include="Resource Files">
      <UniqueIdentifier>{67DA6AB6-F800-4c08-8B7A-83BB121AAD01}</UniqueIdentifier>
      <Extensions>rc;ico;cur;bmp;dlg;rc2;rct;bin;rgs;gif;jpg;jpeg;jpe;resx;tiff;tif;png;wav;mfcribbon-ms</Extensions>
    </Filter>
    <Filter Include="Source Files\asd">
      <UniqueIdentifier>{9786b2c5-87d6-4b09-b298-cb3d0e6332f2}</UniqueIdentifier>
    </Filter>
  </ItemGroup>
  <ItemGroup>
    <ClCompile Include="main.cpp">
      <Filter>Source Files</Filter>
    </ClCompile>
    <ClCompile Include="Pieces\Pawn.cpp">
      <Filter>Source Files</Filter>
    </ClCompile>
    <ClCompile Include="Pieces\Piece.cpp">
      <Filter>Source Files</Filter>
    </ClCompile>
    <ClCompile Include="Pieces\Bishop.cpp">
      <Filter>Source Files</Filter>
    </ClCompile>
    <ClCompile Include="Pieces\King.cpp">
      <Filter>Source Files</Filter>
    </ClCompile>
    <ClCompile Include="Pieces\Knight.cpp">
      <Filter>Source Files</Filter>
    </ClCompile>
    <ClCompile Include="Pieces\Queen.cpp">
      <Filter>Source Files</Filter>
    </ClCompile>
    <ClCompile Include="Pieces\Rook.cpp">
      <Filter>Source Files</Filter>
    </ClCompile>
    <ClCompile Include="System\SfmlController.cpp">
      <Filter>Source Files</Filter>
    </ClCompile>
    <ClCompile Include="System\Sprite.cpp">
      <Filter>Source Files</Filter>
    </ClCompile>
    <ClCompile Include="System\Texture.cpp">
      <Filter>Source Files</Filter>
    </ClCompile>
    <ClCompile Include="System\TextureManager.cpp">
      <Filter>Source Files</Filter>
    </ClCompile>
    <ClCompile Include="System\Window.cpp">
      <Filter>Source Files</Filter>
    </ClCompile>
    <ClCompile Include="System\Controller.cpp">
      <Filter>Source Files</Filter>
    </ClCompile>
    <ClCompile Include="Application.cpp">
      <Filter>Source Files</Filter>
    </ClCompile>
    <ClCompile Include="Views\GameLobbyView.cpp">
      <Filter>Source Files</Filter>
    </ClCompile>
    <ClCompile Include="Views\LoadingScreenView.cpp">
      <Filter>Source Files</Filter>
    </ClCompile>
    <ClCompile Include="Views\MainGameView.cpp">
      <Filter>Source Files</Filter>
    </ClCompile>
    <ClCompile Include="System\AnimationHandler.cpp">
      <Filter>Source Files</Filter>
    </ClCompile>
    <ClCompile Include="States\GameLobbyState.cpp">
      <Filter>Source Files</Filter>
    </ClCompile>
    <ClCompile Include="States\iGameState.cpp">
      <Filter>Source Files</Filter>
    </ClCompile>
    <ClCompile Include="States\LoadingScreenState.cpp">
      <Filter>Source Files</Filter>
    </ClCompile>
    <ClCompile Include="States\MainGameState.cpp">
      <Filter>Source Files</Filter>
    </ClCompile>
    <ClCompile Include="EventSystem\EventPoller.cpp">
      <Filter>Source Files</Filter>
    </ClCompile>
    <ClCompile Include="Controllers\GameLobbyController.cpp">
      <Filter>Source Files</Filter>
    </ClCompile>
    <ClCompile Include="Controllers\iController.cpp">
      <Filter>Source Files</Filter>
    </ClCompile>
    <ClCompile Include="Controllers\LoadingScreenController.cpp">
      <Filter>Source Files</Filter>
    </ClCompile>
    <ClCompile Include="Controllers\MainGameController.cpp">
      <Filter>Source Files</Filter>
    </ClCompile>
    <ClCompile Include="Board\BackGround.cpp">
      <Filter>Source Files</Filter>
    </ClCompile>
  </ItemGroup>
  <ItemGroup>
    <ClInclude Include="ChangeManager.hpp">
      <Filter>Header Files</Filter>
    </ClInclude>
    <ClInclude Include="PlayerInput.hpp">
      <Filter>Header Files</Filter>
    </ClInclude>
    <ClInclude Include="Pieces\Bishop.hpp">
      <Filter>Header Files</Filter>
    </ClInclude>
    <ClInclude Include="Pieces\King.hpp">
      <Filter>Header Files</Filter>
    </ClInclude>
    <ClInclude Include="Pieces\Knight.hpp">
      <Filter>Header Files</Filter>
    </ClInclude>
    <ClInclude Include="Pieces\Pawn.hpp">
      <Filter>Header Files</Filter>
    </ClInclude>
    <ClInclude Include="Pieces\Piece.hpp">
      <Filter>Header Files</Filter>
    </ClInclude>
    <ClInclude Include="Pieces\Queen.hpp">
      <Filter>Header Files</Filter>
    </ClInclude>
    <ClInclude Include="Pieces\Rook.hpp">
      <Filter>Header Files</Filter>
    </ClInclude>
    <ClInclude Include="System\Controller.hpp">
      <Filter>Header Files</Filter>
    </ClInclude>
    <ClInclude Include="System\Event.hpp">
      <Filter>Header Files</Filter>
    </ClInclude>
    <ClInclude Include="System\SfmlController.hpp">
      <Filter>Header Files</Filter>
    </ClInclude>
    <ClInclude Include="System\Sprite.hpp">
      <Filter>Header Files</Filter>
    </ClInclude>
    <ClInclude Include="System\Texture.hpp">
      <Filter>Header Files</Filter>
    </ClInclude>
    <ClInclude Include="System\TextureManager.hpp">
      <Filter>Header Files</Filter>
    </ClInclude>
    <ClInclude Include="System\Window.hpp">
      <Filter>Header Files</Filter>
    </ClInclude>
    <ClInclude Include="System\Clock.hpp">
      <Filter>Header Files</Filter>
    </ClInclude>
    <ClInclude Include="System\Clock.impl.hpp">
      <Filter>Header Files</Filter>
    </ClInclude>
    <ClInclude Include="System\Mouse.hpp">
      <Filter>Header Files</Filter>
    </ClInclude>
    <ClInclude Include="Application.hpp">
      <Filter>Header Files</Filter>
    </ClInclude>
    <ClInclude Include="Common.hpp">
      <Filter>Header Files</Filter>
    </ClInclude>
    <ClInclude Include="Ynet\Client.hpp">
      <Filter>Header Files</Filter>
    </ClInclude>
    <ClInclude Include="Ynet\Connection.hpp">
      <Filter>Header Files</Filter>
    </ClInclude>
    <ClInclude Include="Ynet\Message.hpp">
      <Filter>Header Files</Filter>
    </ClInclude>
    <ClInclude Include="Ynet\Net_Common.hpp">
      <Filter>Header Files</Filter>
    </ClInclude>
    <ClInclude Include="Ynet\Server.hpp">
      <Filter>Header Files</Filter>
    </ClInclude>
    <ClInclude Include="Ynet\ThreadSafeQueue.hpp">
      <Filter>Header Files</Filter>
    </ClInclude>
    <ClInclude Include="Views\GameLobbyView.hpp">
      <Filter>Header Files</Filter>
    </ClInclude>
    <ClInclude Include="Views\iView.hpp">
      <Filter>Header Files</Filter>
    </ClInclude>
    <ClInclude Include="Views\LoadingScreenView.hpp">
      <Filter>Header Files</Filter>
    </ClInclude>
    <ClInclude Include="Views\MainGameView.hpp">
      <Filter>Header Files</Filter>
    </ClInclude>
    <ClInclude Include="System\AnimationHandler.hpp">
      <Filter>Header Files</Filter>
    </ClInclude>
    <ClInclude Include="States\GameLobbyState.hpp">
      <Filter>Header Files</Filter>
    </ClInclude>
    <ClInclude Include="States\iGameState.hpp">
      <Filter>Header Files</Filter>
    </ClInclude>
    <ClInclude Include="States\LoadingScreenState.hpp">
      <Filter>Header Files</Filter>
    </ClInclude>
    <ClInclude Include="States\MainGameState.hpp">
      <Filter>Header Files</Filter>
    </ClInclude>
    <ClInclude Include="Resources\ResourceHolder.hpp">
      <Filter>Header Files</Filter>
    </ClInclude>
    <ClInclude Include="Resources\ResourceIds.hpp">
      <Filter>Header Files</Filter>
    </ClInclude>
    <ClInclude Include="EventSystem\EventPoller.hpp">
      <Filter>Header Files</Filter>
    </ClInclude>
    <ClInclude Include="Controllers\GameLobbyController.hpp">
      <Filter>Header Files</Filter>
    </ClInclude>
    <ClInclude Include="Controllers\iController.hpp">
      <Filter>Header Files</Filter>
    </ClInclude>
    <ClInclude Include="Controllers\LoadingScreenController.hpp">
      <Filter>Header Files</Filter>
    </ClInclude>
    <ClInclude Include="Controllers\MainGameController.hpp">
      <Filter>Header Files</Filter>
    </ClInclude>
    <ClInclude Include="Connection\ClientProtocol.hpp">
      <Filter>Header Files</Filter>
    </ClInclude>
    <ClInclude Include="Board\BackGround.hpp">
      <Filter>Header Files</Filter>
    </ClInclude>
  </ItemGroup>
  <ItemGroup>
    <None Include=".gitignore" />
  </ItemGroup>
</Project>